
Microsoft Visual Studio Solution File, Format Version 12.00
# Visual Studio Version 17
VisualStudioVersion = 17.0.32014.148
MinimumVisualStudioVersion = 10.0.40219.1
Project("{9A19103F-16F7-4668-BE54-9A1E7A4F7556}") = "Microsoft.FamilyShow", "Microsoft.FamilyShow\Microsoft.FamilyShow.csproj", "{F88F79F0-C506-469A-8360-A3C845951F56}"
EndProject
Project("{9A19103F-16F7-4668-BE54-9A1E7A4F7556}") = "Microsoft.FamilyShowLib", "Microsoft.FamilyShowLib\Microsoft.FamilyShowLib.csproj", "{368F329D-7F70-4FE8-AACC-1D4F7A08AEE1}"
EndProject
Project("{9A19103F-16F7-4668-BE54-9A1E7A4F7556}") = "CSharpMarkup.Wpf", "..\..\CSharpForMarkup\src\CSharpMarkup.Wpf\CSharpMarkup.Wpf.csproj", "{3B3DA35F-607D-4FB2-B50A-530C62BEF927}"
EndProject
Global
	GlobalSection(SolutionConfigurationPlatforms) = preSolution
		Debug|Any CPU = Debug|Any CPU
		Generate|Any CPU = Generate|Any CPU
		Release|Any CPU = Release|Any CPU
	EndGlobalSection
	GlobalSection(ProjectConfigurationPlatforms) = postSolution
		{F88F79F0-C506-469A-8360-A3C845951F56}.Debug|Any CPU.ActiveCfg = Debug|Any CPU
		{F88F79F0-C506-469A-8360-A3C845951F56}.Debug|Any CPU.Build.0 = Debug|Any CPU
		{F88F79F0-C506-469A-8360-A3C845951F56}.Generate|Any CPU.ActiveCfg = Release|Any CPU
		{F88F79F0-C506-469A-8360-A3C845951F56}.Generate|Any CPU.Build.0 = Release|Any CPU
		{F88F79F0-C506-469A-8360-A3C845951F56}.Release|Any CPU.ActiveCfg = Release|Any CPU
		{F88F79F0-C506-469A-8360-A3C845951F56}.Release|Any CPU.Build.0 = Release|Any CPU
		{368F329D-7F70-4FE8-AACC-1D4F7A08AEE1}.Debug|Any CPU.ActiveCfg = Debug|Any CPU
		{368F329D-7F70-4FE8-AACC-1D4F7A08AEE1}.Debug|Any CPU.Build.0 = Debug|Any CPU
		{368F329D-7F70-4FE8-AACC-1D4F7A08AEE1}.Generate|Any CPU.ActiveCfg = Release|Any CPU
		{368F329D-7F70-4FE8-AACC-1D4F7A08AEE1}.Generate|Any CPU.Build.0 = Release|Any CPU
		{368F329D-7F70-4FE8-AACC-1D4F7A08AEE1}.Release|Any CPU.ActiveCfg = Release|Any CPU
		{368F329D-7F70-4FE8-AACC-1D4F7A08AEE1}.Release|Any CPU.Build.0 = Release|Any CPU
		{3B3DA35F-607D-4FB2-B50A-530C62BEF927}.Debug|Any CPU.ActiveCfg = Debug|Any CPU
		{3B3DA35F-607D-4FB2-B50A-530C62BEF927}.Debug|Any CPU.Build.0 = Debug|Any CPU
		{3B3DA35F-607D-4FB2-B50A-530C62BEF927}.Generate|Any CPU.ActiveCfg = Generate|Any CPU
		{3B3DA35F-607D-4FB2-B50A-530C62BEF927}.Generate|Any CPU.Build.0 = Generate|Any CPU
		{3B3DA35F-607D-4FB2-B50A-530C62BEF927}.Release|Any CPU.ActiveCfg = Release|Any CPU
		{3B3DA35F-607D-4FB2-B50A-530C62BEF927}.Release|Any CPU.Build.0 = Release|Any CPU
	EndGlobalSection
	GlobalSection(SolutionProperties) = preSolution
		HideSolutionNode = FALSE
	EndGlobalSection
	GlobalSection(ExtensibilityGlobals) = postSolution
		SolutionGuid = {55A018AB-BF06-4437-A1DA-790960138630}
	EndGlobalSection
EndGlobal
